
Microsoft Visual Studio Solution File, Format Version 12.00
# Visual Studio 15
VisualStudioVersion = 15.0.28307.1525
MinimumVisualStudioVersion = 10.0.40219.1
Project("{FAE04EC0-301F-11D3-BF4B-00C04F79EFBC}") = "Библиотека", "Библиотека\Библиотека.csproj", "{A8251FD8-370E-4DAD-8624-7D8C7E208EA5}"
EndProject
Global
	GlobalSection(SolutionConfigurationPlatforms) = preSolution
		Debug|Any CPU = Debug|Any CPU
		Release|Any CPU = Release|Any CPU
	EndGlobalSection
	GlobalSection(ProjectConfigurationPlatforms) = postSolution
		{A8251FD8-370E-4DAD-8624-7D8C7E208EA5}.Debug|Any CPU.ActiveCfg = Debug|Any CPU
		{A8251FD8-370E-4DAD-8624-7D8C7E208EA5}.Debug|Any CPU.Build.0 = Debug|Any CPU
		{A8251FD8-370E-4DAD-8624-7D8C7E208EA5}.Release|Any CPU.ActiveCfg = Release|Any CPU
		{A8251FD8-370E-4DAD-8624-7D8C7E208EA5}.Release|Any CPU.Build.0 = Release|Any CPU
	EndGlobalSection
	GlobalSection(SolutionProperties) = preSolution
		HideSolutionNode = FALSE
	EndGlobalSection
	GlobalSection(ExtensibilityGlobals) = postSolution
		SolutionGuid = {B588921E-49F1-406C-8159-EAE5027788CC}
	EndGlobalSection
EndGlobal
